// !$*UTF8*$!
{
	archiveVersion = 1;
	classes = {
	};
	objectVersion = 77;
	objects = {

/* Begin PBXBuildFile section */
		85C45F132D46F2680004FD9A /* SwiftGit2.framework in Frameworks */ = {isa = PBXBuildFile; fileRef = 85C45F082D46F22A0004FD9A /* SwiftGit2.framework */; };
		85C45F142D46F2680004FD9A /* SwiftGit2.framework in Embed Frameworks */ = {isa = PBXBuildFile; fileRef = 85C45F082D46F22A0004FD9A /* SwiftGit2.framework */; settings = {ATTRIBUTES = (CodeSignOnCopy, RemoveHeadersOnCopy, ); }; };
/* End PBXBuildFile section */

/* Begin PBXContainerItemProxy section */
		85C45E5E2D458D970004FD9A /* PBXContainerItemProxy */ = {
			isa = PBXContainerItemProxy;
			containerPortal = 85C45E452D458D910004FD9A /* Project object */;
			proxyType = 1;
			remoteGlobalIDString = 85C45E4C2D458D910004FD9A;
			remoteInfo = SynciOS;
		};
		85C45E682D458D970004FD9A /* PBXContainerItemProxy */ = {
			isa = PBXContainerItemProxy;
			containerPortal = 85C45E452D458D910004FD9A /* Project object */;
			proxyType = 1;
			remoteGlobalIDString = 85C45E4C2D458D910004FD9A;
			remoteInfo = SynciOS;
		};
		85C45F072D46F22A0004FD9A /* PBXContainerItemProxy */ = {
			isa = PBXContainerItemProxy;
			containerPortal = 85C45EA22D45BB2F0004FD9A /* SwiftGit2.xcodeproj */;
			proxyType = 2;
			remoteGlobalIDString = 621E66B41C72958800A0F352;
			remoteInfo = "SwiftGit2-iOS";
		};
/* End PBXContainerItemProxy section */

/* Begin PBXCopyFilesBuildPhase section */
		85C45E9B2D459BCE0004FD9A /* Embed Frameworks */ = {
			isa = PBXCopyFilesBuildPhase;
			buildActionMask = 2147483647;
			dstPath = "";
			dstSubfolderSpec = 10;
			files = (
				85C45F142D46F2680004FD9A /* SwiftGit2.framework in Embed Frameworks */,
			);
			name = "Embed Frameworks";
			runOnlyForDeploymentPostprocessing = 0;
		};
/* End PBXCopyFilesBuildPhase section */

/* Begin PBXFileReference section */
		85C45E4D2D458D910004FD9A /* SynciOS.app */ = {isa = PBXFileReference; explicitFileType = wrapper.application; includeInIndex = 0; path = SynciOS.app; sourceTree = BUILT_PRODUCTS_DIR; };
		85C45E5D2D458D970004FD9A /* SynciOSTests.xctest */ = {isa = PBXFileReference; explicitFileType = wrapper.cfbundle; includeInIndex = 0; path = SynciOSTests.xctest; sourceTree = BUILT_PRODUCTS_DIR; };
		85C45E672D458D970004FD9A /* SynciOSUITests.xctest */ = {isa = PBXFileReference; explicitFileType = wrapper.cfbundle; includeInIndex = 0; path = SynciOSUITests.xctest; sourceTree = BUILT_PRODUCTS_DIR; };
		85C45EA22D45BB2F0004FD9A /* SwiftGit2.xcodeproj */ = {isa = PBXFileReference; lastKnownFileType = "wrapper.pb-project"; name = SwiftGit2.xcodeproj; path = /Users/sergiid/Desktop/ProjectSync/SwiftGit2/SwiftGit2.xcodeproj; sourceTree = "<absolute>"; };
/* End PBXFileReference section */

/* Begin PBXFileSystemSynchronizedRootGroup section */
		85C45E4F2D458D910004FD9A /* SynciOS */ = {
			isa = PBXFileSystemSynchronizedRootGroup;
			path = SynciOS;
			sourceTree = "<group>";
		};
		85C45E602D458D970004FD9A /* SynciOSTests */ = {
			isa = PBXFileSystemSynchronizedRootGroup;
			path = SynciOSTests;
			sourceTree = "<group>";
		};
		85C45E6A2D458D970004FD9A /* SynciOSUITests */ = {
			isa = PBXFileSystemSynchronizedRootGroup;
			path = SynciOSUITests;
			sourceTree = "<group>";
		};
/* End PBXFileSystemSynchronizedRootGroup section */

/* Begin PBXFrameworksBuildPhase section */
		85C45E4A2D458D910004FD9A /* Frameworks */ = {
			isa = PBXFrameworksBuildPhase;
			buildActionMask = 2147483647;
			files = (
				85C45F132D46F2680004FD9A /* SwiftGit2.framework in Frameworks */,
			);
			runOnlyForDeploymentPostprocessing = 0;
		};
		85C45E5A2D458D970004FD9A /* Frameworks */ = {
			isa = PBXFrameworksBuildPhase;
			buildActionMask = 2147483647;
			files = (
			);
			runOnlyForDeploymentPostprocessing = 0;
		};
		85C45E642D458D970004FD9A /* Frameworks */ = {
			isa = PBXFrameworksBuildPhase;
			buildActionMask = 2147483647;
			files = (
			);
			runOnlyForDeploymentPostprocessing = 0;
		};
/* End PBXFrameworksBuildPhase section */

/* Begin PBXGroup section */
		85C45E442D458D910004FD9A = {
			isa = PBXGroup;
			children = (
				85C45EA22D45BB2F0004FD9A /* SwiftGit2.xcodeproj */,
				85C45E4F2D458D910004FD9A /* SynciOS */,
				85C45E602D458D970004FD9A /* SynciOSTests */,
				85C45E6A2D458D970004FD9A /* SynciOSUITests */,
				85C45E982D459BCE0004FD9A /* Frameworks */,
				85C45E4E2D458D910004FD9A /* Products */,
			);
			sourceTree = "<group>";
		};
		85C45E4E2D458D910004FD9A /* Products */ = {
			isa = PBXGroup;
			children = (
				85C45E4D2D458D910004FD9A /* SynciOS.app */,
				85C45E5D2D458D970004FD9A /* SynciOSTests.xctest */,
				85C45E672D458D970004FD9A /* SynciOSUITests.xctest */,
			);
			name = Products;
			sourceTree = "<group>";
		};
		85C45E982D459BCE0004FD9A /* Frameworks */ = {
			isa = PBXGroup;
			children = (
			);
			name = Frameworks;
			sourceTree = "<group>";
		};
		85C45EF82D46F2290004FD9A /* Products */ = {
			isa = PBXGroup;
			children = (
				85C45F082D46F22A0004FD9A /* SwiftGit2.framework */,
			);
			name = Products;
			sourceTree = "<group>";
		};
/* End PBXGroup section */

/* Begin PBXNativeTarget section */
		85C45E4C2D458D910004FD9A /* SynciOS */ = {
			isa = PBXNativeTarget;
			buildConfigurationList = 85C45E712D458D970004FD9A /* Build configuration list for PBXNativeTarget "SynciOS" */;
			buildPhases = (
				85C45E492D458D910004FD9A /* Sources */,
				85C45E4A2D458D910004FD9A /* Frameworks */,
				85C45E4B2D458D910004FD9A /* Resources */,
				85C45E9B2D459BCE0004FD9A /* Embed Frameworks */,
			);
			buildRules = (
			);
			dependencies = (
			);
			fileSystemSynchronizedGroups = (
				85C45E4F2D458D910004FD9A /* SynciOS */,
			);
			name = SynciOS;
			packageProductDependencies = (
			);
			productName = SynciOS;
			productReference = 85C45E4D2D458D910004FD9A /* SynciOS.app */;
			productType = "com.apple.product-type.application";
		};
		85C45E5C2D458D970004FD9A /* SynciOSTests */ = {
			isa = PBXNativeTarget;
			buildConfigurationList = 85C45E742D458D970004FD9A /* Build configuration list for PBXNativeTarget "SynciOSTests" */;
			buildPhases = (
				85C45E592D458D970004FD9A /* Sources */,
				85C45E5A2D458D970004FD9A /* Frameworks */,
				85C45E5B2D458D970004FD9A /* Resources */,
			);
			buildRules = (
			);
			dependencies = (
				85C45E5F2D458D970004FD9A /* PBXTargetDependency */,
			);
			fileSystemSynchronizedGroups = (
				85C45E602D458D970004FD9A /* SynciOSTests */,
			);
			name = SynciOSTests;
			packageProductDependencies = (
			);
			productName = SynciOSTests;
			productReference = 85C45E5D2D458D970004FD9A /* SynciOSTests.xctest */;
			productType = "com.apple.product-type.bundle.unit-test";
		};
		85C45E662D458D970004FD9A /* SynciOSUITests */ = {
			isa = PBXNativeTarget;
			buildConfigurationList = 85C45E772D458D970004FD9A /* Build configuration list for PBXNativeTarget "SynciOSUITests" */;
			buildPhases = (
				85C45E632D458D970004FD9A /* Sources */,
				85C45E642D458D970004FD9A /* Frameworks */,
				85C45E652D458D970004FD9A /* Resources */,
			);
			buildRules = (
			);
			dependencies = (
				85C45E692D458D970004FD9A /* PBXTargetDependency */,
			);
			fileSystemSynchronizedGroups = (
				85C45E6A2D458D970004FD9A /* SynciOSUITests */,
			);
			name = SynciOSUITests;
			packageProductDependencies = (
			);
			productName = SynciOSUITests;
			productReference = 85C45E672D458D970004FD9A /* SynciOSUITests.xctest */;
			productType = "com.apple.product-type.bundle.ui-testing";
		};
/* End PBXNativeTarget section */

/* Begin PBXProject section */
		85C45E452D458D910004FD9A /* Project object */ = {
			isa = PBXProject;
			attributes = {
				BuildIndependentTargetsInParallel = 1;
				LastSwiftUpdateCheck = 1620;
				LastUpgradeCheck = 1620;
				TargetAttributes = {
					85C45E4C2D458D910004FD9A = {
						CreatedOnToolsVersion = 16.2;
					};
					85C45E5C2D458D970004FD9A = {
						CreatedOnToolsVersion = 16.2;
						TestTargetID = 85C45E4C2D458D910004FD9A;
					};
					85C45E662D458D970004FD9A = {
						CreatedOnToolsVersion = 16.2;
						TestTargetID = 85C45E4C2D458D910004FD9A;
					};
				};
			};
			buildConfigurationList = 85C45E482D458D910004FD9A /* Build configuration list for PBXProject "SynciOS" */;
			developmentRegion = en;
			hasScannedForEncodings = 0;
			knownRegions = (
				en,
				Base,
			);
			mainGroup = 85C45E442D458D910004FD9A;
			minimizedProjectReferenceProxies = 1;
			preferredProjectObjectVersion = 77;
			productRefGroup = 85C45E4E2D458D910004FD9A /* Products */;
			projectDirPath = "";
			projectReferences = (
				{
					ProductGroup = 85C45EF82D46F2290004FD9A /* Products */;
					ProjectRef = 85C45EA22D45BB2F0004FD9A /* SwiftGit2.xcodeproj */;
				},
			);
			projectRoot = "";
			targets = (
				85C45E4C2D458D910004FD9A /* SynciOS */,
				85C45E5C2D458D970004FD9A /* SynciOSTests */,
				85C45E662D458D970004FD9A /* SynciOSUITests */,
			);
		};
/* End PBXProject section */

/* Begin PBXReferenceProxy section */
		85C45F082D46F22A0004FD9A /* SwiftGit2.framework */ = {
			isa = PBXReferenceProxy;
			fileType = wrapper.framework;
			path = SwiftGit2.framework;
			remoteRef = 85C45F072D46F22A0004FD9A /* PBXContainerItemProxy */;
			sourceTree = BUILT_PRODUCTS_DIR;
		};
/* End PBXReferenceProxy section */

/* Begin PBXResourcesBuildPhase section */
		85C45E4B2D458D910004FD9A /* Resources */ = {
			isa = PBXResourcesBuildPhase;
			buildActionMask = 2147483647;
			files = (
			);
			runOnlyForDeploymentPostprocessing = 0;
		};
		85C45E5B2D458D970004FD9A /* Resources */ = {
			isa = PBXResourcesBuildPhase;
			buildActionMask = 2147483647;
			files = (
			);
			runOnlyForDeploymentPostprocessing = 0;
		};
		85C45E652D458D970004FD9A /* Resources */ = {
			isa = PBXResourcesBuildPhase;
			buildActionMask = 2147483647;
			files = (
			);
			runOnlyForDeploymentPostprocessing = 0;
		};
/* End PBXResourcesBuildPhase section */

/* Begin PBXSourcesBuildPhase section */
		85C45E492D458D910004FD9A /* Sources */ = {
			isa = PBXSourcesBuildPhase;
			buildActionMask = 2147483647;
			files = (
			);
			runOnlyForDeploymentPostprocessing = 0;
		};
		85C45E592D458D970004FD9A /* Sources */ = {
			isa = PBXSourcesBuildPhase;
			buildActionMask = 2147483647;
			files = (
			);
			runOnlyForDeploymentPostprocessing = 0;
		};
		85C45E632D458D970004FD9A /* Sources */ = {
			isa = PBXSourcesBuildPhase;
			buildActionMask = 2147483647;
			files = (
			);
			runOnlyForDeploymentPostprocessing = 0;
		};
/* End PBXSourcesBuildPhase section */

/* Begin PBXTargetDependency section */
		85C45E5F2D458D970004FD9A /* PBXTargetDependency */ = {
			isa = PBXTargetDependency;
			target = 85C45E4C2D458D910004FD9A /* SynciOS */;
			targetProxy = 85C45E5E2D458D970004FD9A /* PBXContainerItemProxy */;
		};
		85C45E692D458D970004FD9A /* PBXTargetDependency */ = {
			isa = PBXTargetDependency;
			target = 85C45E4C2D458D910004FD9A /* SynciOS */;
			targetProxy = 85C45E682D458D970004FD9A /* PBXContainerItemProxy */;
		};
/* End PBXTargetDependency section */

/* Begin XCBuildConfiguration section */
		85C45E6F2D458D970004FD9A /* Debug */ = {
			isa = XCBuildConfiguration;
			buildSettings = {
				ALWAYS_SEARCH_USER_PATHS = NO;
				ASSETCATALOG_COMPILER_GENERATE_SWIFT_ASSET_SYMBOL_EXTENSIONS = YES;
				CLANG_ANALYZER_NONNULL = YES;
				CLANG_ANALYZER_NUMBER_OBJECT_CONVERSION = YES_AGGRESSIVE;
				CLANG_CXX_LANGUAGE_STANDARD = "gnu++20";
				CLANG_ENABLE_MODULES = YES;
				CLANG_ENABLE_OBJC_ARC = YES;
				CLANG_ENABLE_OBJC_WEAK = YES;
				CLANG_WARN_BLOCK_CAPTURE_AUTORELEASING = YES;
				CLANG_WARN_BOOL_CONVERSION = YES;
				CLANG_WARN_COMMA = YES;
				CLANG_WARN_CONSTANT_CONVERSION = YES;
				CLANG_WARN_DEPRECATED_OBJC_IMPLEMENTATIONS = YES;
				CLANG_WARN_DIRECT_OBJC_ISA_USAGE = YES_ERROR;
				CLANG_WARN_DOCUMENTATION_COMMENTS = YES;
				CLANG_WARN_EMPTY_BODY = YES;
				CLANG_WARN_ENUM_CONVERSION = YES;
				CLANG_WARN_INFINITE_RECURSION = YES;
				CLANG_WARN_INT_CONVERSION = YES;
				CLANG_WARN_NON_LITERAL_NULL_CONVERSION = YES;
				CLANG_WARN_OBJC_IMPLICIT_RETAIN_SELF = YES;
				CLANG_WARN_OBJC_LITERAL_CONVERSION = YES;
				CLANG_WARN_OBJC_ROOT_CLASS = YES_ERROR;
				CLANG_WARN_QUOTED_INCLUDE_IN_FRAMEWORK_HEADER = YES;
				CLANG_WARN_RANGE_LOOP_ANALYSIS = YES;
				CLANG_WARN_STRICT_PROTOTYPES = YES;
				CLANG_WARN_SUSPICIOUS_MOVE = YES;
				CLANG_WARN_UNGUARDED_AVAILABILITY = YES_AGGRESSIVE;
				CLANG_WARN_UNREACHABLE_CODE = YES;
				CLANG_WARN__DUPLICATE_METHOD_MATCH = YES;
				COPY_PHASE_STRIP = NO;
				DEBUG_INFORMATION_FORMAT = dwarf;
				ENABLE_STRICT_OBJC_MSGSEND = YES;
				ENABLE_TESTABILITY = YES;
				ENABLE_USER_SCRIPT_SANDBOXING = YES;
				GCC_C_LANGUAGE_STANDARD = gnu17;
				GCC_DYNAMIC_NO_PIC = NO;
				GCC_NO_COMMON_BLOCKS = YES;
				GCC_OPTIMIZATION_LEVEL = 0;
				GCC_PREPROCESSOR_DEFINITIONS = (
					"DEBUG=1",
					"$(inherited)",
				);
				GCC_WARN_64_TO_32_BIT_CONVERSION = YES;
				GCC_WARN_ABOUT_RETURN_TYPE = YES_ERROR;
				GCC_WARN_UNDECLARED_SELECTOR = YES;
				GCC_WARN_UNINITIALIZED_AUTOS = YES_AGGRESSIVE;
				GCC_WARN_UNUSED_FUNCTION = YES;
				GCC_WARN_UNUSED_VARIABLE = YES;
				IPHONEOS_DEPLOYMENT_TARGET = 18.2;
				LOCALIZATION_PREFERS_STRING_CATALOGS = YES;
				MTL_ENABLE_DEBUG_INFO = INCLUDE_SOURCE;
				MTL_FAST_MATH = YES;
				ONLY_ACTIVE_ARCH = YES;
				SDKROOT = iphoneos;
				SWIFT_ACTIVE_COMPILATION_CONDITIONS = "DEBUG $(inherited)";
				SWIFT_OPTIMIZATION_LEVEL = "-Onone";
			};
			name = Debug;
		};
		85C45E702D458D970004FD9A /* Release */ = {
			isa = XCBuildConfiguration;
			buildSettings = {
				ALWAYS_SEARCH_USER_PATHS = NO;
				ASSETCATALOG_COMPILER_GENERATE_SWIFT_ASSET_SYMBOL_EXTENSIONS = YES;
				CLANG_ANALYZER_NONNULL = YES;
				CLANG_ANALYZER_NUMBER_OBJECT_CONVERSION = YES_AGGRESSIVE;
				CLANG_CXX_LANGUAGE_STANDARD = "gnu++20";
				CLANG_ENABLE_MODULES = YES;
				CLANG_ENABLE_OBJC_ARC = YES;
				CLANG_ENABLE_OBJC_WEAK = YES;
				CLANG_WARN_BLOCK_CAPTURE_AUTORELEASING = YES;
				CLANG_WARN_BOOL_CONVERSION = YES;
				CLANG_WARN_COMMA = YES;
				CLANG_WARN_CONSTANT_CONVERSION = YES;
				CLANG_WARN_DEPRECATED_OBJC_IMPLEMENTATIONS = YES;
				CLANG_WARN_DIRECT_OBJC_ISA_USAGE = YES_ERROR;
				CLANG_WARN_DOCUMENTATION_COMMENTS = YES;
				CLANG_WARN_EMPTY_BODY = YES;
				CLANG_WARN_ENUM_CONVERSION = YES;
				CLANG_WARN_INFINITE_RECURSION = YES;
				CLANG_WARN_INT_CONVERSION = YES;
				CLANG_WARN_NON_LITERAL_NULL_CONVERSION = YES;
				CLANG_WARN_OBJC_IMPLICIT_RETAIN_SELF = YES;
				CLANG_WARN_OBJC_LITERAL_CONVERSION = YES;
				CLANG_WARN_OBJC_ROOT_CLASS = YES_ERROR;
				CLANG_WARN_QUOTED_INCLUDE_IN_FRAMEWORK_HEADER = YES;
				CLANG_WARN_RANGE_LOOP_ANALYSIS = YES;
				CLANG_WARN_STRICT_PROTOTYPES = YES;
				CLANG_WARN_SUSPICIOUS_MOVE = YES;
				CLANG_WARN_UNGUARDED_AVAILABILITY = YES_AGGRESSIVE;
				CLANG_WARN_UNREACHABLE_CODE = YES;
				CLANG_WARN__DUPLICATE_METHOD_MATCH = YES;
				COPY_PHASE_STRIP = NO;
				DEBUG_INFORMATION_FORMAT = "dwarf-with-dsym";
				ENABLE_NS_ASSERTIONS = NO;
				ENABLE_STRICT_OBJC_MSGSEND = YES;
				ENABLE_USER_SCRIPT_SANDBOXING = YES;
				GCC_C_LANGUAGE_STANDARD = gnu17;
				GCC_NO_COMMON_BLOCKS = YES;
				GCC_WARN_64_TO_32_BIT_CONVERSION = YES;
				GCC_WARN_ABOUT_RETURN_TYPE = YES_ERROR;
				GCC_WARN_UNDECLARED_SELECTOR = YES;
				GCC_WARN_UNINITIALIZED_AUTOS = YES_AGGRESSIVE;
				GCC_WARN_UNUSED_FUNCTION = YES;
				GCC_WARN_UNUSED_VARIABLE = YES;
				IPHONEOS_DEPLOYMENT_TARGET = 18.2;
				LOCALIZATION_PREFERS_STRING_CATALOGS = YES;
				MTL_ENABLE_DEBUG_INFO = NO;
				MTL_FAST_MATH = YES;
				SDKROOT = iphoneos;
				SWIFT_COMPILATION_MODE = wholemodule;
				VALIDATE_PRODUCT = YES;
			};
			name = Release;
		};
		85C45E722D458D970004FD9A /* Debug */ = {
			isa = XCBuildConfiguration;
			buildSettings = {
				ASSETCATALOG_COMPILER_APPICON_NAME = AppIcon;
				ASSETCATALOG_COMPILER_GLOBAL_ACCENT_COLOR_NAME = AccentColor;
				CODE_SIGN_STYLE = Automatic;
				CURRENT_PROJECT_VERSION = 1;
				DEVELOPMENT_ASSET_PATHS = "\"SynciOS/Preview Content\"";
				DEVELOPMENT_TEAM = NB4GG24FWL;
				ENABLE_PREVIEWS = YES;
				GENERATE_INFOPLIST_FILE = YES;
				INFOPLIST_KEY_UIApplicationSceneManifest_Generation = YES;
				INFOPLIST_KEY_UIApplicationSupportsIndirectInputEvents = YES;
				INFOPLIST_KEY_UILaunchScreen_Generation = YES;
				INFOPLIST_KEY_UISupportedInterfaceOrientations_iPad = "UIInterfaceOrientationPortrait UIInterfaceOrientationPortraitUpsideDown UIInterfaceOrientationLandscapeLeft UIInterfaceOrientationLandscapeRight";
				INFOPLIST_KEY_UISupportedInterfaceOrientations_iPhone = "UIInterfaceOrientationPortrait UIInterfaceOrientationLandscapeLeft UIInterfaceOrientationLandscapeRight";
				IPHONEOS_DEPLOYMENT_TARGET = 15.6;
				LD_RUNPATH_SEARCH_PATHS = (
					"$(inherited)",
					"@executable_path/Frameworks",
				);
				MARKETING_VERSION = 1.0;
				PRODUCT_BUNDLE_IDENTIFIER = com.sdsoftware.SynciOS;
				PRODUCT_NAME = "$(TARGET_NAME)";
				SWIFT_EMIT_LOC_STRINGS = YES;
				SWIFT_VERSION = 5.0;
				TARGETED_DEVICE_FAMILY = "1,2";
			};
			name = Debug;
		};
		85C45E732D458D970004FD9A /* Release */ = {
			isa = XCBuildConfiguration;
			buildSettings = {
				ASSETCATALOG_COMPILER_APPICON_NAME = AppIcon;
				ASSETCATALOG_COMPILER_GLOBAL_ACCENT_COLOR_NAME = AccentColor;
				CODE_SIGN_STYLE = Automatic;
				CURRENT_PROJECT_VERSION = 1;
				DEVELOPMENT_ASSET_PATHS = "\"SynciOS/Preview Content\"";
				DEVELOPMENT_TEAM = NB4GG24FWL;
				ENABLE_PREVIEWS = YES;
				GENERATE_INFOPLIST_FILE = YES;
				INFOPLIST_KEY_UIApplicationSceneManifest_Generation = YES;
				INFOPLIST_KEY_UIApplicationSupportsIndirectInputEvents = YES;
				INFOPLIST_KEY_UILaunchScreen_Generation = YES;
				INFOPLIST_KEY_UISupportedInterfaceOrientations_iPad = "UIInterfaceOrientationPortrait UIInterfaceOrientationPortraitUpsideDown UIInterfaceOrientationLandscapeLeft UIInterfaceOrientationLandscapeRight";
				INFOPLIST_KEY_UISupportedInterfaceOrientations_iPhone = "UIInterfaceOrientationPortrait UIInterfaceOrientationLandscapeLeft UIInterfaceOrientationLandscapeRight";
				IPHONEOS_DEPLOYMENT_TARGET = 15.6;
				LD_RUNPATH_SEARCH_PATHS = (
					"$(inherited)",
					"@executable_path/Frameworks",
				);
				MARKETING_VERSION = 1.0;
				PRODUCT_BUNDLE_IDENTIFIER = com.sdsoftware.SynciOS;
				PRODUCT_NAME = "$(TARGET_NAME)";
				SWIFT_EMIT_LOC_STRINGS = YES;
				SWIFT_VERSION = 5.0;
				TARGETED_DEVICE_FAMILY = "1,2";
			};
			name = Release;
		};
		85C45E752D458D970004FD9A /* Debug */ = {
			isa = XCBuildConfiguration;
			buildSettings = {
				BUNDLE_LOADER = "$(TEST_HOST)";
				CODE_SIGN_STYLE = Automatic;
				CURRENT_PROJECT_VERSION = 1;
				DEVELOPMENT_TEAM = NB4GG24FWL;
				GENERATE_INFOPLIST_FILE = YES;
				IPHONEOS_DEPLOYMENT_TARGET = 18.2;
				MARKETING_VERSION = 1.0;
				PRODUCT_BUNDLE_IDENTIFIER = com.sdsoftware.SynciOSTests;
				PRODUCT_NAME = "$(TARGET_NAME)";
				SWIFT_EMIT_LOC_STRINGS = NO;
				SWIFT_VERSION = 5.0;
				TARGETED_DEVICE_FAMILY = "1,2";
				TEST_HOST = "$(BUILT_PRODUCTS_DIR)/SynciOS.app/$(BUNDLE_EXECUTABLE_FOLDER_PATH)/SynciOS";
			};
			name = Debug;
		};
		85C45E762D458D970004FD9A /* Release */ = {
			isa = XCBuildConfiguration;
			buildSettings = {
				BUNDLE_LOADER = "$(TEST_HOST)";
				CODE_SIGN_STYLE = Automatic;
				CURRENT_PROJECT_VERSION = 1;
				DEVELOPMENT_TEAM = NB4GG24FWL;
				GENERATE_INFOPLIST_FILE = YES;
				IPHONEOS_DEPLOYMENT_TARGET = 18.2;
				MARKETING_VERSION = 1.0;
				PRODUCT_BUNDLE_IDENTIFIER = com.sdsoftware.SynciOSTests;
				PRODUCT_NAME = "$(TARGET_NAME)";
				SWIFT_EMIT_LOC_STRINGS = NO;
				SWIFT_VERSION = 5.0;
				TARGETED_DEVICE_FAMILY = "1,2";
				TEST_HOST = "$(BUILT_PRODUCTS_DIR)/SynciOS.app/$(BUNDLE_EXECUTABLE_FOLDER_PATH)/SynciOS";
			};
			name = Release;
		};
		85C45E782D458D970004FD9A /* Debug */ = {
			isa = XCBuildConfiguration;
			buildSettings = {
				CODE_SIGN_STYLE = Automatic;
				CURRENT_PROJECT_VERSION = 1;
				DEVELOPMENT_TEAM = NB4GG24FWL;
				GENERATE_INFOPLIST_FILE = YES;
				MARKETING_VERSION = 1.0;
				PRODUCT_BUNDLE_IDENTIFIER = com.sdsoftware.SynciOSUITests;
				PRODUCT_NAME = "$(TARGET_NAME)";
				SWIFT_EMIT_LOC_STRINGS = NO;
				SWIFT_VERSION = 5.0;
				TARGETED_DEVICE_FAMILY = "1,2";
				TEST_TARGET_NAME = SynciOS;
			};
			name = Debug;
		};
		85C45E792D458D970004FD9A /* Release */ = {
			isa = XCBuildConfiguration;
			buildSettings = {
				CODE_SIGN_STYLE = Automatic;
				CURRENT_PROJECT_VERSION = 1;
				DEVELOPMENT_TEAM = NB4GG24FWL;
				GENERATE_INFOPLIST_FILE = YES;
				MARKETING_VERSION = 1.0;
				PRODUCT_BUNDLE_IDENTIFIER = com.sdsoftware.SynciOSUITests;
				PRODUCT_NAME = "$(TARGET_NAME)";
				SWIFT_EMIT_LOC_STRINGS = NO;
				SWIFT_VERSION = 5.0;
				TARGETED_DEVICE_FAMILY = "1,2";
				TEST_TARGET_NAME = SynciOS;
			};
			name = Release;
		};
/* End XCBuildConfiguration section */

/* Begin XCConfigurationList section */
		85C45E482D458D910004FD9A /* Build configuration list for PBXProject "SynciOS" */ = {
			isa = XCConfigurationList;
			buildConfigurations = (
				85C45E6F2D458D970004FD9A /* Debug */,
				85C45E702D458D970004FD9A /* Release */,
			);
			defaultConfigurationIsVisible = 0;
			defaultConfigurationName = Release;
		};
		85C45E712D458D970004FD9A /* Build configuration list for PBXNativeTarget "SynciOS" */ = {
			isa = XCConfigurationList;
			buildConfigurations = (
				85C45E722D458D970004FD9A /* Debug */,
				85C45E732D458D970004FD9A /* Release */,
			);
			defaultConfigurationIsVisible = 0;
			defaultConfigurationName = Release;
		};
		85C45E742D458D970004FD9A /* Build configuration list for PBXNativeTarget "SynciOSTests" */ = {
			isa = XCConfigurationList;
			buildConfigurations = (
				85C45E752D458D970004FD9A /* Debug */,
				85C45E762D458D970004FD9A /* Release */,
			);
			defaultConfigurationIsVisible = 0;
			defaultConfigurationName = Release;
		};
		85C45E772D458D970004FD9A /* Build configuration list for PBXNativeTarget "SynciOSUITests" */ = {
			isa = XCConfigurationList;
			buildConfigurations = (
				85C45E782D458D970004FD9A /* Debug */,
				85C45E792D458D970004FD9A /* Release */,
			);
			defaultConfigurationIsVisible = 0;
			defaultConfigurationName = Release;
		};
/* End XCConfigurationList section */
	};
	rootObject = 85C45E452D458D910004FD9A /* Project object */;
}
